
Microsoft Visual Studio Solution File, Format Version 12.00
# Visual Studio Version 17
VisualStudioVersion = 17.5.33530.505
MinimumVisualStudioVersion = 10.0.40219.1
Project("{FAE04EC0-301F-11D3-BF4B-00C04F79EFBC}") = "LaserGunSchoolRun", "LaserGunSchoolRun.csproj", "{2ACE26A7-E5D7-4903-8AD7-8FAEFACC5067}"
EndProject
Global
	GlobalSection(SolutionConfigurationPlatforms) = preSolution
		Debug|Any CPU = Debug|Any CPU
		Release|Any CPU = Release|Any CPU
	EndGlobalSection
	GlobalSection(ProjectConfigurationPlatforms) = postSolution
		{2ACE26A7-E5D7-4903-8AD7-8FAEFACC5067}.Debug|Any CPU.ActiveCfg = Debug|Any CPU
		{2ACE26A7-E5D7-4903-8AD7-8FAEFACC5067}.Debug|Any CPU.Build.0 = Debug|Any CPU
		{2ACE26A7-E5D7-4903-8AD7-8FAEFACC5067}.Release|Any CPU.ActiveCfg = Release|Any CPU
		{2ACE26A7-E5D7-4903-8AD7-8FAEFACC5067}.Release|Any CPU.Build.0 = Release|Any CPU
	EndGlobalSection
	GlobalSection(SolutionProperties) = preSolution
		HideSolutionNode = FALSE
	EndGlobalSection
	GlobalSection(ExtensibilityGlobals) = postSolution
		SolutionGuid = {32CA6D71-5D78-431D-8961-F7A127F24770}
	EndGlobalSection
EndGlobal
